
Microsoft Visual Studio Solution File, Format Version 12.00
# Visual Studio Version 17
VisualStudioVersion = 17.11.35303.130
MinimumVisualStudioVersion = 10.0.40219.1
Project("{FAE04EC0-301F-11D3-BF4B-00C04F79EFBC}") = "TpWeb_16B", "TpWeb_16B\TpWeb_16B.csproj", "{DA31689B-D04E-430E-AE47-B2531E5E6BCC}"
EndProject
Global
	GlobalSection(SolutionConfigurationPlatforms) = preSolution
		Debug|Any CPU = Debug|Any CPU
		Release|Any CPU = Release|Any CPU
	EndGlobalSection
	GlobalSection(ProjectConfigurationPlatforms) = postSolution
		{DA31689B-D04E-430E-AE47-B2531E5E6BCC}.Debug|Any CPU.ActiveCfg = Debug|Any CPU
		{DA31689B-D04E-430E-AE47-B2531E5E6BCC}.Debug|Any CPU.Build.0 = Debug|Any CPU
		{DA31689B-D04E-430E-AE47-B2531E5E6BCC}.Release|Any CPU.ActiveCfg = Release|Any CPU
		{DA31689B-D04E-430E-AE47-B2531E5E6BCC}.Release|Any CPU.Build.0 = Release|Any CPU
	EndGlobalSection
	GlobalSection(SolutionProperties) = preSolution
		HideSolutionNode = FALSE
	EndGlobalSection
	GlobalSection(ExtensibilityGlobals) = postSolution
		SolutionGuid = {7306100E-552B-41B8-86F5-9F5B0FDF533C}
	EndGlobalSection
EndGlobal
